
Microsoft Visual Studio Solution File, Format Version 12.00
# Visual Studio Version 16
VisualStudioVersion = 16.0.30114.105
MinimumVisualStudioVersion = 10.0.40219.1
Project("{2150E333-8FDC-42A3-9474-1A3956D46DE8}") = "Solution Items", "Solution Items", "{66A06538-5B66-4139-A11E-6F5256B03A60}"
	ProjectSection(SolutionItems) = preProject
		.editorconfig = .editorconfig
		.gitattributes = .gitattributes
		.gitignore = .gitignore
		Directory.Build.props = Directory.Build.props
		Directory.Meta.props = Directory.Meta.props
		LICENSE = LICENSE
		nuget.config = nuget.config
	EndProjectSection
EndProject
Project("{2150E333-8FDC-42A3-9474-1A3956D46DE8}") = "src", "src", "{F7D1A074-3CF6-4137-8464-6C48A0CD8957}"
EndProject
Project("{9A19103F-16F7-4668-BE54-9A1E7A4F7556}") = "THNETII.WebServices.OAuthProxyWebApp", "src\THNETII.WebServices.OAuthProxyWebApp\THNETII.WebServices.OAuthProxyWebApp.csproj", "{216210E7-1124-4172-B7B5-602376BED8A7}"
EndProject
Project("{2150E333-8FDC-42A3-9474-1A3956D46DE8}") = "template", "template", "{E814A901-E346-4EBA-9A19-6F70A8436D12}"
EndProject
Project("{9A19103F-16F7-4668-BE54-9A1E7A4F7556}") = "THNETII.WebServices.MvcTemplateWebApp", "template\THNETII.WebServices.MvcTemplateWebApp\THNETII.WebServices.MvcTemplateWebApp.csproj", "{D25B346B-947B-4E43-A4B0-27AB17F58819}"
EndProject
Project("{9A19103F-16F7-4668-BE54-9A1E7A4F7556}") = "THNETII.WebServices.RazorPagesTemplateWebApp", "template\THNETII.WebServices.RazorPagesTemplateWebApp\THNETII.WebServices.RazorPagesTemplateWebApp.csproj", "{61D8244C-229E-4267-9FE7-B4FA206F0739}"
EndProject
Project("{FAE04EC0-301F-11D3-BF4B-00C04F79EFBC}") = "THNETII.WebServices.OAuthProxyWebApp.AuthorizeUI", "src\THNETII.WebServices.OAuthProxyWebApp.AuthorizeUI\THNETII.WebServices.OAuthProxyWebApp.AuthorizeUI.csproj", "{E2E54679-D5CB-4DEB-A26E-C31FBEBEC0AC}"
EndProject
Global
	GlobalSection(SolutionConfigurationPlatforms) = preSolution
		Debug|Any CPU = Debug|Any CPU
		Debug|x64 = Debug|x64
		Debug|x86 = Debug|x86
		Release|Any CPU = Release|Any CPU
		Release|x64 = Release|x64
		Release|x86 = Release|x86
	EndGlobalSection
	GlobalSection(ProjectConfigurationPlatforms) = postSolution
		{216210E7-1124-4172-B7B5-602376BED8A7}.Debug|Any CPU.ActiveCfg = Debug|Any CPU
		{216210E7-1124-4172-B7B5-602376BED8A7}.Debug|Any CPU.Build.0 = Debug|Any CPU
		{216210E7-1124-4172-B7B5-602376BED8A7}.Debug|x64.ActiveCfg = Debug|Any CPU
		{216210E7-1124-4172-B7B5-602376BED8A7}.Debug|x64.Build.0 = Debug|Any CPU
		{216210E7-1124-4172-B7B5-602376BED8A7}.Debug|x86.ActiveCfg = Debug|Any CPU
		{216210E7-1124-4172-B7B5-602376BED8A7}.Debug|x86.Build.0 = Debug|Any CPU
		{216210E7-1124-4172-B7B5-602376BED8A7}.Release|Any CPU.ActiveCfg = Release|Any CPU
		{216210E7-1124-4172-B7B5-602376BED8A7}.Release|Any CPU.Build.0 = Release|Any CPU
		{216210E7-1124-4172-B7B5-602376BED8A7}.Release|x64.ActiveCfg = Release|Any CPU
		{216210E7-1124-4172-B7B5-602376BED8A7}.Release|x64.Build.0 = Release|Any CPU
		{216210E7-1124-4172-B7B5-602376BED8A7}.Release|x86.ActiveCfg = Release|Any CPU
		{216210E7-1124-4172-B7B5-602376BED8A7}.Release|x86.Build.0 = Release|Any CPU
		{D25B346B-947B-4E43-A4B0-27AB17F58819}.Debug|Any CPU.ActiveCfg = Debug|Any CPU
		{D25B346B-947B-4E43-A4B0-27AB17F58819}.Debug|Any CPU.Build.0 = Debug|Any CPU
		{D25B346B-947B-4E43-A4B0-27AB17F58819}.Debug|x64.ActiveCfg = Debug|Any CPU
		{D25B346B-947B-4E43-A4B0-27AB17F58819}.Debug|x64.Build.0 = Debug|Any CPU
		{D25B346B-947B-4E43-A4B0-27AB17F58819}.Debug|x86.ActiveCfg = Debug|Any CPU
		{D25B346B-947B-4E43-A4B0-27AB17F58819}.Debug|x86.Build.0 = Debug|Any CPU
		{D25B346B-947B-4E43-A4B0-27AB17F58819}.Release|Any CPU.ActiveCfg = Release|Any CPU
		{D25B346B-947B-4E43-A4B0-27AB17F58819}.Release|Any CPU.Build.0 = Release|Any CPU
		{D25B346B-947B-4E43-A4B0-27AB17F58819}.Release|x64.ActiveCfg = Release|Any CPU
		{D25B346B-947B-4E43-A4B0-27AB17F58819}.Release|x64.Build.0 = Release|Any CPU
		{D25B346B-947B-4E43-A4B0-27AB17F58819}.Release|x86.ActiveCfg = Release|Any CPU
		{D25B346B-947B-4E43-A4B0-27AB17F58819}.Release|x86.Build.0 = Release|Any CPU
		{61D8244C-229E-4267-9FE7-B4FA206F0739}.Debug|Any CPU.ActiveCfg = Debug|Any CPU
		{61D8244C-229E-4267-9FE7-B4FA206F0739}.Debug|Any CPU.Build.0 = Debug|Any CPU
		{61D8244C-229E-4267-9FE7-B4FA206F0739}.Debug|x64.ActiveCfg = Debug|Any CPU
		{61D8244C-229E-4267-9FE7-B4FA206F0739}.Debug|x64.Build.0 = Debug|Any CPU
		{61D8244C-229E-4267-9FE7-B4FA206F0739}.Debug|x86.ActiveCfg = Debug|Any CPU
		{61D8244C-229E-4267-9FE7-B4FA206F0739}.Debug|x86.Build.0 = Debug|Any CPU
		{61D8244C-229E-4267-9FE7-B4FA206F0739}.Release|Any CPU.ActiveCfg = Release|Any CPU
		{61D8244C-229E-4267-9FE7-B4FA206F0739}.Release|Any CPU.Build.0 = Release|Any CPU
		{61D8244C-229E-4267-9FE7-B4FA206F0739}.Release|x64.ActiveCfg = Release|Any CPU
		{61D8244C-229E-4267-9FE7-B4FA206F0739}.Release|x64.Build.0 = Release|Any CPU
		{61D8244C-229E-4267-9FE7-B4FA206F0739}.Release|x86.ActiveCfg = Release|Any CPU
		{61D8244C-229E-4267-9FE7-B4FA206F0739}.Release|x86.Build.0 = Release|Any CPU
		{E2E54679-D5CB-4DEB-A26E-C31FBEBEC0AC}.Debug|Any CPU.ActiveCfg = Debug|Any CPU
		{E2E54679-D5CB-4DEB-A26E-C31FBEBEC0AC}.Debug|Any CPU.Build.0 = Debug|Any CPU
		{E2E54679-D5CB-4DEB-A26E-C31FBEBEC0AC}.Debug|x64.ActiveCfg = Debug|Any CPU
		{E2E54679-D5CB-4DEB-A26E-C31FBEBEC0AC}.Debug|x64.Build.0 = Debug|Any CPU
		{E2E54679-D5CB-4DEB-A26E-C31FBEBEC0AC}.Debug|x86.ActiveCfg = Debug|Any CPU
		{E2E54679-D5CB-4DEB-A26E-C31FBEBEC0AC}.Debug|x86.Build.0 = Debug|Any CPU
		{E2E54679-D5CB-4DEB-A26E-C31FBEBEC0AC}.Release|Any CPU.ActiveCfg = Release|Any CPU
		{E2E54679-D5CB-4DEB-A26E-C31FBEBEC0AC}.Release|Any CPU.Build.0 = Release|Any CPU
		{E2E54679-D5CB-4DEB-A26E-C31FBEBEC0AC}.Release|x64.ActiveCfg = Release|Any CPU
		{E2E54679-D5CB-4DEB-A26E-C31FBEBEC0AC}.Release|x64.Build.0 = Release|Any CPU
		{E2E54679-D5CB-4DEB-A26E-C31FBEBEC0AC}.Release|x86.ActiveCfg = Release|Any CPU
		{E2E54679-D5CB-4DEB-A26E-C31FBEBEC0AC}.Release|x86.Build.0 = Release|Any CPU
	EndGlobalSection
	GlobalSection(SolutionProperties) = preSolution
		HideSolutionNode = FALSE
	EndGlobalSection
	GlobalSection(NestedProjects) = preSolution
		{216210E7-1124-4172-B7B5-602376BED8A7} = {F7D1A074-3CF6-4137-8464-6C48A0CD8957}
		{D25B346B-947B-4E43-A4B0-27AB17F58819} = {E814A901-E346-4EBA-9A19-6F70A8436D12}
		{61D8244C-229E-4267-9FE7-B4FA206F0739} = {E814A901-E346-4EBA-9A19-6F70A8436D12}
		{E2E54679-D5CB-4DEB-A26E-C31FBEBEC0AC} = {F7D1A074-3CF6-4137-8464-6C48A0CD8957}
	EndGlobalSection
	GlobalSection(ExtensibilityGlobals) = postSolution
		SolutionGuid = {E4B6507C-0B39-4CC9-8182-744041BE990E}
	EndGlobalSection
EndGlobal
